
Microsoft Visual Studio Solution File, Format Version 12.00
# Visual Studio Version 17
VisualStudioVersion = 17.4.33213.308
MinimumVisualStudioVersion = 10.0.40219.1
Project("{FAE04EC0-301F-11D3-BF4B-00C04F79EFBC}") = "TicketService", "TicketService\TicketService.csproj", "{72018868-FEFA-4AAA-AA63-01E651756649}"
EndProject
Project("{FAE04EC0-301F-11D3-BF4B-00C04F79EFBC}") = "TicketService.Login", "TicketService.Login\TicketService.Login.csproj", "{45DC8EF8-AE8A-404C-ADA6-144864A10DFF}"
EndProject
Project("{FAE04EC0-301F-11D3-BF4B-00C04F79EFBC}") = "TicketService.API", "TicketService.API\TicketService.API.csproj", "{97058AE9-CF73-4771-8E6C-583A0EDBCBA5}"
EndProject
Project("{FAE04EC0-301F-11D3-BF4B-00C04F79EFBC}") = "TicketService.Payment", "TicketService.Payment\TicketService.Payment.csproj", "{6A0AEE59-D2CC-4599-BD98-86952AD5F774}"
EndProject
Project("{FAE04EC0-301F-11D3-BF4B-00C04F79EFBC}") = "TicketService.Web", "TicketService.Web\TicketService.Web.csproj", "{147A0181-93E4-459C-A47E-828FBE0E6907}"
EndProject
Global
	GlobalSection(SolutionConfigurationPlatforms) = preSolution
		Debug|Any CPU = Debug|Any CPU
		Release|Any CPU = Release|Any CPU
	EndGlobalSection
	GlobalSection(ProjectConfigurationPlatforms) = postSolution
		{72018868-FEFA-4AAA-AA63-01E651756649}.Debug|Any CPU.ActiveCfg = Debug|Any CPU
		{72018868-FEFA-4AAA-AA63-01E651756649}.Debug|Any CPU.Build.0 = Debug|Any CPU
		{72018868-FEFA-4AAA-AA63-01E651756649}.Release|Any CPU.ActiveCfg = Release|Any CPU
		{72018868-FEFA-4AAA-AA63-01E651756649}.Release|Any CPU.Build.0 = Release|Any CPU
		{45DC8EF8-AE8A-404C-ADA6-144864A10DFF}.Debug|Any CPU.ActiveCfg = Debug|Any CPU
		{45DC8EF8-AE8A-404C-ADA6-144864A10DFF}.Debug|Any CPU.Build.0 = Debug|Any CPU
		{45DC8EF8-AE8A-404C-ADA6-144864A10DFF}.Release|Any CPU.ActiveCfg = Release|Any CPU
		{45DC8EF8-AE8A-404C-ADA6-144864A10DFF}.Release|Any CPU.Build.0 = Release|Any CPU
		{97058AE9-CF73-4771-8E6C-583A0EDBCBA5}.Debug|Any CPU.ActiveCfg = Debug|Any CPU
		{97058AE9-CF73-4771-8E6C-583A0EDBCBA5}.Debug|Any CPU.Build.0 = Debug|Any CPU
		{97058AE9-CF73-4771-8E6C-583A0EDBCBA5}.Release|Any CPU.ActiveCfg = Release|Any CPU
		{97058AE9-CF73-4771-8E6C-583A0EDBCBA5}.Release|Any CPU.Build.0 = Release|Any CPU
		{6A0AEE59-D2CC-4599-BD98-86952AD5F774}.Debug|Any CPU.ActiveCfg = Debug|Any CPU
		{6A0AEE59-D2CC-4599-BD98-86952AD5F774}.Debug|Any CPU.Build.0 = Debug|Any CPU
		{6A0AEE59-D2CC-4599-BD98-86952AD5F774}.Release|Any CPU.ActiveCfg = Release|Any CPU
		{6A0AEE59-D2CC-4599-BD98-86952AD5F774}.Release|Any CPU.Build.0 = Release|Any CPU
		{147A0181-93E4-459C-A47E-828FBE0E6907}.Debug|Any CPU.ActiveCfg = Debug|Any CPU
		{147A0181-93E4-459C-A47E-828FBE0E6907}.Debug|Any CPU.Build.0 = Debug|Any CPU
		{147A0181-93E4-459C-A47E-828FBE0E6907}.Release|Any CPU.ActiveCfg = Release|Any CPU
		{147A0181-93E4-459C-A47E-828FBE0E6907}.Release|Any CPU.Build.0 = Release|Any CPU
	EndGlobalSection
	GlobalSection(SolutionProperties) = preSolution
		HideSolutionNode = FALSE
	EndGlobalSection
	GlobalSection(ExtensibilityGlobals) = postSolution
		SolutionGuid = {5AF74B7A-136C-4E34-95BC-D05AB9DF08D4}
	EndGlobalSection
EndGlobal
